lock-version = "1.0"
version = "1"
created-by = "skills/0.11.0"

[[assets]]
  name = "ozu-gpt-project"
  version = "2"
  type = "rule"
  [assets.source-path]
    path = "./assets/ozu-gpt-project/2"

[[assets]]
  name = "ozu-gpt-error-handling"
  version = "1"
  type = "rule"
  [assets.source-path]
    path = "./assets/ozu-gpt-error-handling/1"

[[assets]]
  name = "ozu-gpt-repository-pattern"
  version = "1"
  type = "rule"
  [assets.source-path]
    path = "./assets/ozu-gpt-repository-pattern/1"

[[assets]]
  name = "ozu-gpt-sse-streaming"
  version = "1"
  type = "rule"
  [assets.source-path]
    path = "./assets/ozu-gpt-sse-streaming/1"

[[assets]]
  name = "cli-tools"
  version = "1"
  type = "rule"
  [assets.source-path]
    path = "./assets/cli-tools/1"

[[assets]]
  name = "compaction"
  version = "1"
  type = "rule"
  [assets.source-path]
    path = "./assets/compaction/1"

[[assets]]
  name = "context-continuation"
  version = "1"
  type = "rule"
  [assets.source-path]
    path = "./assets/context-continuation/1"

[[assets]]
  name = "development-practices"
  version = "1"
  type = "rule"
  [assets.source-path]
    path = "./assets/development-practices/1"

[[assets]]
  name = "pilot-memory"
  version = "1"
  type = "rule"
  [assets.source-path]
    path = "./assets/pilot-memory/1"

[[assets]]
  name = "playwright-cli"
  version = "1"
  type = "rule"
  [assets.source-path]
    path = "./assets/playwright-cli/1"

[[assets]]
  name = "research-tools"
  version = "1"
  type = "rule"
  [assets.source-path]
    path = "./assets/research-tools/1"

[[assets]]
  name = "standards-backend"
  version = "1"
  type = "rule"
  [assets.source-path]
    path = "./assets/standards-backend/1"

[[assets]]
  name = "standards-frontend"
  version = "1"
  type = "rule"
  [assets.source-path]
    path = "./assets/standards-frontend/1"

[[assets]]
  name = "standards-golang"
  version = "1"
  type = "rule"
  [assets.source-path]
    path = "./assets/standards-golang/1"

[[assets]]
  name = "standards-python"
  version = "1"
  type = "rule"
  [assets.source-path]
    path = "./assets/standards-python/1"
