lock-version = "1.0"
version = "1"
created-by = "skills/0.11.0"

[[assets]]
  name = "ozu-gpt-project"
  version = "2"
  type = "rule"
  [assets.source-path]
    path = "./assets/ozu-gpt-project/2"

[[assets]]
  name = "ozu-gpt-error-handling"
  version = "1"
  type = "rule"
  [assets.source-path]
    path = "./assets/ozu-gpt-error-handling/1"

[[assets]]
  name = "ozu-gpt-repository-pattern"
  version = "1"
  type = "rule"
  [assets.source-path]
    path = "./assets/ozu-gpt-repository-pattern/1"

[[assets]]
  name = "ozu-gpt-sse-streaming"
  version = "1"
  type = "rule"
  [assets.source-path]
    path = "./assets/ozu-gpt-sse-streaming/1"

[[assets]]
  name = "cli-tools"
  version = "1"
  type = "rule"
  [assets.source-path]
    path = "./assets/cli-tools/1"

[[assets]]
  name = "compaction"
  version = "1"
  type = "rule"
  [assets.source-path]
    path = "./assets/compaction/1"

[[assets]]
  name = "context-continuation"
  version = "1"
  type = "rule"
  [assets.source-path]
    path = "./assets/context-continuation/1"

[[assets]]
  name = "development-practices"
  version = "1"
  type = "rule"
  [assets.source-path]
    path = "./assets/development-practices/1"

[[assets]]
  name = "pilot-memory"
  version = "1"
  type = "rule"
  [assets.source-path]
    path = "./assets/pilot-memory/1"

[[assets]]
  name = "playwright-cli"
  version = "1"
  type = "rule"
  [assets.source-path]
    path = "./assets/playwright-cli/1"

[[assets]]
  name = "research-tools"
  version = "1"
  type = "rule"
  [assets.source-path]
    path = "./assets/research-tools/1"

[[assets]]
  name = "standards-backend"
  version = "1"
  type = "rule"
  [assets.source-path]
    path = "./assets/standards-backend/1"

[[assets]]
  name = "standards-frontend"
  version = "1"
  type = "rule"
  [assets.source-path]
    path = "./assets/standards-frontend/1"

[[assets]]
  name = "standards-golang"
  version = "1"
  type = "rule"
  [assets.source-path]
    path = "./assets/standards-golang/1"

[[assets]]
  name = "standards-python"
  version = "1"
  type = "rule"
  [assets.source-path]
    path = "./assets/standards-python/1"

[[assets]]
  name = "standards-typescript"
  version = "1"
  type = "rule"
  [assets.source-path]
    path = "./assets/standards-typescript/1"

[[assets]]
  name = "task-and-workflow"
  version = "1"
  type = "rule"
  [assets.source-path]
    path = "./assets/task-and-workflow/1"

[[assets]]
  name = "team-vault"
  version = "1"
  type = "rule"
  [assets.source-path]
    path = "./assets/team-vault/1"

[[assets]]
  name = "testing"
  version = "1"
  type = "rule"
  [assets.source-path]
    path = "./assets/testing/1"

[[assets]]
  name = "verification"
  version = "1"
  type = "rule"
  [assets.source-path]
    path = "./assets/verification/1"

[[assets]]
  name = "gsd-codebase-mapper"
  version = "1"
  type = "agent"
  [assets.source-path]
    path = "./assets/gsd-codebase-mapper/1"

[[assets]]
  name = "gsd-debugger"
  version = "1"
  type = "agent"
  [assets.source-path]
    path = "./assets/gsd-debugger/1"

[[assets]]
  name = "gsd-executor"
  version = "1"
  type = "agent"
  [assets.source-path]
    path = "./assets/gsd-executor/1"

[[assets]]
  name = "gsd-integration-checker"
  version = "1"
  type = "agent"
  [assets.source-path]
    path = "./assets/gsd-integration-checker/1"

[[assets]]
  name = "gsd-nyquist-auditor"
  version = "1"
  type = "agent"
  [assets.source-path]
    path = "./assets/gsd-nyquist-auditor/1"

[[assets]]
  name = "gsd-phase-researcher"
  version = "1"
  type = "agent"
  [assets.source-path]
    path = "./assets/gsd-phase-researcher/1"

[[assets]]
  name = "gsd-plan-checker"
  version = "1"
  type = "agent"
  [assets.source-path]
    path = "./assets/gsd-plan-checker/1"

[[assets]]
  name = "gsd-planner"
  version = "1"
  type = "agent"
  [assets.source-path]
    path = "./assets/gsd-planner/1"

[[assets]]
  name = "gsd-project-researcher"
  version = "1"
  type = "agent"
  [assets.source-path]
    path = "./assets/gsd-project-researcher/1"

[[assets]]
  name = "gsd-research-synthesizer"
  version = "1"
  type = "agent"
  [assets.source-path]
    path = "./assets/gsd-research-synthesizer/1"

[[assets]]
  name = "gsd-roadmapper"
  version = "1"
  type = "agent"
  [assets.source-path]
    path = "./assets/gsd-roadmapper/1"

[[assets]]
  name = "gsd-verifier"
  version = "1"
  type = "agent"
  [assets.source-path]
    path = "./assets/gsd-verifier/1"

[[assets]]
  name = "learn"
  version = "1"
  type = "command"
  [assets.source-path]
    path = "./assets/learn/1"

[[assets]]
  name = "spec-implement"
  version = "1"
  type = "command"
  [assets.source-path]
    path = "./assets/spec-implement/1"

[[assets]]
  name = "spec-plan"
  version = "1"
  type = "command"
  [assets.source-path]
    path = "./assets/spec-plan/1"

[[assets]]
  name = "spec-verify"
  version = "1"
  type = "command"
  [assets.source-path]
    path = "./assets/spec-verify/1"

[[assets]]
  name = "spec"
  version = "1"
  type = "command"
  [assets.source-path]
    path = "./assets/spec/1"

[[assets]]
  name = "sync"
  version = "1"
  type = "command"
  [assets.source-path]
    path = "./assets/sync/1"

[[assets]]
  name = "vault"
  version = "1"
  type = "command"
  [assets.source-path]
    path = "./assets/vault/1"
