lock-version = "1.0"
version = "1"
created-by = "skills/0.11.0"

[[assets]]
  name = "ozu-gpt-project"
  version = "2"
  type = "rule"
  [assets.source-path]
    path = "./assets/ozu-gpt-project/2"

[[assets]]
  name = "ozu-gpt-error-handling"
  version = "1"
  type = "rule"
  [assets.source-path]
    path = "./assets/ozu-gpt-error-handling/1"

[[assets]]
  name = "ozu-gpt-repository-pattern"
  version = "1"
  type = "rule"
  [assets.source-path]
    path = "./assets/ozu-gpt-repository-pattern/1"
